// !$*UTF8*$!
{
	archiveVersion = 1;
	classes = {
	};
	objectVersion = 77;
	objects = {

/* Begin PBXBuildFile section */
		10DD835E2FD7BC6C00AFBA1A /* BoulderBikeRouter Watch App Watch App.app in Embed Watch Content */ = {isa = PBXBuildFile; fileRef = 10DD833E2FD7BC6A00AFBA1A /* BoulderBikeRouter Watch App Watch App.app */; settings = {ATTRIBUTES = (RemoveHeadersOnCopy, ); }; };
/* End PBXBuildFile section */

/* Begin PBXContainerItemProxy section */
		107CE87E2FD3372D004D1566 /* PBXContainerItemProxy */ = {
			isa = PBXContainerItemProxy;
			containerPortal = 107CE8682FD3372C004D1566 /* Project object */;
			proxyType = 1;
			remoteGlobalIDString = 107CE86F2FD3372C004D1566;
			remoteInfo = BoulderBikeRouter;
		};
		107CE8882FD3372D004D1566 /* PBXContainerItemProxy */ = {
			isa = PBXContainerItemProxy;
			containerPortal = 107CE8682FD3372C004D1566 /* Project object */;
			proxyType = 1;
			remoteGlobalIDString = 107CE86F2FD3372C004D1566;
			remoteInfo = BoulderBikeRouter;
		};
		10DD834B2FD7BC6C00AFBA1A /* PBXContainerItemProxy */ = {
			isa = PBXContainerItemProxy;
			containerPortal = 107CE8682FD3372C004D1566 /* Project object */;
			proxyType = 1;
			remoteGlobalIDString = 10DD833D2FD7BC6A00AFBA1A;
			remoteInfo = "BoulderBikeRouter Watch App Watch App";
		};
		10DD83552FD7BC6C00AFBA1A /* PBXContainerItemProxy */ = {
			isa = PBXContainerItemProxy;
			containerPortal = 107CE8682FD3372C004D1566 /* Project object */;
			proxyType = 1;
			remoteGlobalIDString = 10DD833D2FD7BC6A00AFBA1A;
			remoteInfo = "BoulderBikeRouter Watch App Watch App";
		};
		10DD835C2FD7BC6C00AFBA1A /* PBXContainerItemProxy */ = {
			isa = PBXContainerItemProxy;
			containerPortal = 107CE8682FD3372C004D1566 /* Project object */;
			proxyType = 1;
			remoteGlobalIDString = 10DD833D2FD7BC6A00AFBA1A;
			remoteInfo = "BoulderBikeRouter Watch App Watch App";
		};
/* End PBXContainerItemProxy section */

/* Begin PBXCopyFilesBuildPhase section */
		10DD83622FD7BC6C00AFBA1A /* Embed Watch Content */ = {
			isa = PBXCopyFilesBuildPhase;
			buildActionMask = 2147483647;
			dstPath = "$(CONTENTS_FOLDER_PATH)/Watch";
			dstSubfolderSpec = 16;
			files = (
				10DD835E2FD7BC6C00AFBA1A /* BoulderBikeRouter Watch App Watch App.app in Embed Watch Content */,
			);
			name = "Embed Watch Content";
			runOnlyForDeploymentPostprocessing = 0;
		};
/* End PBXCopyFilesBuildPhase section */

/* Begin PBXFileReference section */
		107CE8702FD3372C004D1566 /* BoulderBikeRouter.app */ = {isa = PBXFileReference; explicitFileType = wrapper.application; includeInIndex = 0; path = BoulderBikeRouter.app; sourceTree = BUILT_PRODUCTS_DIR; };
		107CE87D2FD3372D004D1566 /* BoulderBikeRouterTests.xctest */ = {isa = PBXFileReference; explicitFileType = wrapper.cfbundle; includeInIndex = 0; path = BoulderBikeRouterTests.xctest; sourceTree = BUILT_PRODUCTS_DIR; };
		107CE8872FD3372D004D1566 /* BoulderBikeRouterUITests.xctest */ = {isa = PBXFileReference; explicitFileType = wrapper.cfbundle; includeInIndex = 0; path = BoulderBikeRouterUITests.xctest; sourceTree = BUILT_PRODUCTS_DIR; };
		10DD833E2FD7BC6A00AFBA1A /* BoulderBikeRouter Watch App Watch App.app */ = {isa = PBXFileReference; explicitFileType = wrapper.application; includeInIndex = 0; path = "BoulderBikeRouter Watch App Watch App.app"; sourceTree = BUILT_PRODUCTS_DIR; };
		10DD834A2FD7BC6C00AFBA1A /* BoulderBikeRouter Watch App Watch AppTests.xctest */ = {isa = PBXFileReference; explicitFileType = wrapper.cfbundle; includeInIndex = 0; path = "BoulderBikeRouter Watch App Watch AppTests.xctest"; sourceTree = BUILT_PRODUCTS_DIR; };
		10DD83542FD7BC6C00AFBA1A /* BoulderBikeRouter Watch App Watch AppUITests.xctest */ = {isa = PBXFileReference; explicitFileType = wrapper.cfbundle; includeInIndex = 0; path = "BoulderBikeRouter Watch App Watch AppUITests.xctest"; sourceTree = BUILT_PRODUCTS_DIR; };
/* End PBXFileReference section */

/* Begin PBXFileSystemSynchronizedRootGroup section */
		107CE8722FD3372C004D1566 /* BoulderBikeRouter */ = {
			isa = PBXFileSystemSynchronizedRootGroup;
			path = BoulderBikeRouter;
			sourceTree = "<group>";
		};
		107CE8802FD3372D004D1566 /* BoulderBikeRouterTests */ = {
			isa = PBXFileSystemSynchronizedRootGroup;
			path = BoulderBikeRouterTests;
			sourceTree = "<group>";
		};
		107CE88A2FD3372D004D1566 /* BoulderBikeRouterUITests */ = {
			isa = PBXFileSystemSynchronizedRootGroup;
			path = BoulderBikeRouterUITests;
			sourceTree = "<group>";
		};
		10DD833F2FD7BC6A00AFBA1A /* BoulderBikeRouter Watch App Watch App */ = {
			isa = PBXFileSystemSynchronizedRootGroup;
			path = "BoulderBikeRouter Watch App Watch App";
			sourceTree = "<group>";
		};
		10DD834D2FD7BC6C00AFBA1A /* BoulderBikeRouter Watch App Watch AppTests */ = {
			isa = PBXFileSystemSynchronizedRootGroup;
			path = "BoulderBikeRouter Watch App Watch AppTests";
			sourceTree = "<group>";
		};
		10DD83572FD7BC6C00AFBA1A /* BoulderBikeRouter Watch App Watch AppUITests */ = {
			isa = PBXFileSystemSynchronizedRootGroup;
			path = "BoulderBikeRouter Watch App Watch AppUITests";
			sourceTree = "<group>";
		};
/* End PBXFileSystemSynchronizedRootGroup section */

/* Begin PBXFrameworksBuildPhase section */
		107CE86D2FD3372C004D1566 /* Frameworks */ = {
			isa = PBXFrameworksBuildPhase;
			buildActionMask = 2147483647;
			files = (
			);
			runOnlyForDeploymentPostprocessing = 0;
		};
		107CE87A2FD3372D004D1566 /* Frameworks */ = {
			isa = PBXFrameworksBuildPhase;
			buildActionMask = 2147483647;
			files = (
			);
			runOnlyForDeploymentPostprocessing = 0;
		};
		107CE8842FD3372D004D1566 /* Frameworks */ = {
			isa = PBXFrameworksBuildPhase;
			buildActionMask = 2147483647;
			files = (
			);
			runOnlyForDeploymentPostprocessing = 0;
		};
		10DD833B2FD7BC6A00AFBA1A /* Frameworks */ = {
			isa = PBXFrameworksBuildPhase;
			buildActionMask = 2147483647;
			files = (
			);
			runOnlyForDeploymentPostprocessing = 0;
		};
		10DD83472FD7BC6C00AFBA1A /* Frameworks */ = {
			isa = PBXFrameworksBuildPhase;
			buildActionMask = 2147483647;
			files = (
			);
			runOnlyForDeploymentPostprocessing = 0;
		};
		10DD83512FD7BC6C00AFBA1A /* Frameworks */ = {
			isa = PBXFrameworksBuildPhase;
			buildActionMask = 2147483647;
			files = (
			);
			runOnlyForDeploymentPostprocessing = 0;
		};
/* End PBXFrameworksBuildPhase section */

/* Begin PBXGroup section */
		107CE8672FD3372C004D1566 = {
			isa = PBXGroup;
			children = (
				107CE8722FD3372C004D1566 /* BoulderBikeRouter */,
				107CE8802FD3372D004D1566 /* BoulderBikeRouterTests */,
				107CE88A2FD3372D004D1566 /* BoulderBikeRouterUITests */,
				10DD833F2FD7BC6A00AFBA1A /* BoulderBikeRouter Watch App Watch App */,
				10DD834D2FD7BC6C00AFBA1A /* BoulderBikeRouter Watch App Watch AppTests */,
				10DD83572FD7BC6C00AFBA1A /* BoulderBikeRouter Watch App Watch AppUITests */,
				107CE8712FD3372C004D1566 /* Products */,
			);
			sourceTree = "<group>";
		};
		107CE8712FD3372C004D1566 /* Products */ = {
			isa = PBXGroup;
			children = (
				107CE8702FD3372C004D1566 /* BoulderBikeRouter.app */,
				107CE87D2FD3372D004D1566 /* BoulderBikeRouterTests.xctest */,
				107CE8872FD3372D004D1566 /* BoulderBikeRouterUITests.xctest */,
				10DD833E2FD7BC6A00AFBA1A /* BoulderBikeRouter Watch App Watch App.app */,
				10DD834A2FD7BC6C00AFBA1A /* BoulderBikeRouter Watch App Watch AppTests.xctest */,
				10DD83542FD7BC6C00AFBA1A /* BoulderBikeRouter Watch App Watch AppUITests.xctest */,
			);
			name = Products;
			sourceTree = "<group>";
		};
/* End PBXGroup section */

/* Begin PBXNativeTarget section */
		107CE86F2FD3372C004D1566 /* BoulderBikeRouter */ = {
			isa = PBXNativeTarget;
			buildConfigurationList = 107CE8912FD3372D004D1566 /* Build configuration list for PBXNativeTarget "BoulderBikeRouter" */;
			buildPhases = (
				107CE86C2FD3372C004D1566 /* Sources */,
				107CE86D2FD3372C004D1566 /* Frameworks */,
				107CE86E2FD3372C004D1566 /* Resources */,
				10DD83622FD7BC6C00AFBA1A /* Embed Watch Content */,
			);
			buildRules = (
			);
			dependencies = (
				10DD835D2FD7BC6C00AFBA1A /* PBXTargetDependency */,
			);
			fileSystemSynchronizedGroups = (
				107CE8722FD3372C004D1566 /* BoulderBikeRouter */,
			);
			name = BoulderBikeRouter;
			packageProductDependencies = (
			);
			productName = BoulderBikeRouter;
			productReference = 107CE8702FD3372C004D1566 /* BoulderBikeRouter.app */;
			productType = "com.apple.product-type.application";
		};
		107CE87C2FD3372D004D1566 /* BoulderBikeRouterTests */ = {
			isa = PBXNativeTarget;
			buildConfigurationList = 107CE8942FD3372D004D1566 /* Build configuration list for PBXNativeTarget "BoulderBikeRouterTests" */;
			buildPhases = (
				107CE8792FD3372D004D1566 /* Sources */,
				107CE87A2FD3372D004D1566 /* Frameworks */,
				107CE87B2FD3372D004D1566 /* Resources */,
			);
			buildRules = (
			);
			dependencies = (
				107CE87F2FD3372D004D1566 /* PBXTargetDependency */,
			);
			fileSystemSynchronizedGroups = (
				107CE8802FD3372D004D1566 /* BoulderBikeRouterTests */,
			);
			name = BoulderBikeRouterTests;
			packageProductDependencies = (
			);
			productName = BoulderBikeRouterTests;
			productReference = 107CE87D2FD3372D004D1566 /* BoulderBikeRouterTests.xctest */;
			productType = "com.apple.product-type.bundle.unit-test";
		};
		107CE8862FD3372D004D1566 /* BoulderBikeRouterUITests */ = {
			isa = PBXNativeTarget;
			buildConfigurationList = 107CE8972FD3372D004D1566 /* Build configuration list for PBXNativeTarget "BoulderBikeRouterUITests" */;
			buildPhases = (
				107CE8832FD3372D004D1566 /* Sources */,
				107CE8842FD3372D004D1566 /* Frameworks */,
				107CE8852FD3372D004D1566 /* Resources */,
			);
			buildRules = (
			);
			dependencies = (
				107CE8892FD3372D004D1566 /* PBXTargetDependency */,
			);
			fileSystemSynchronizedGroups = (
				107CE88A2FD3372D004D1566 /* BoulderBikeRouterUITests */,
			);
			name = BoulderBikeRouterUITests;
			packageProductDependencies = (
			);
			productName = BoulderBikeRouterUITests;
			productReference = 107CE8872FD3372D004D1566 /* BoulderBikeRouterUITests.xctest */;
			productType = "com.apple.product-type.bundle.ui-testing";
		};
		10DD833D2FD7BC6A00AFBA1A /* BoulderBikeRouter Watch App Watch App */ = {
			isa = PBXNativeTarget;
			buildConfigurationList = 10DD835F2FD7BC6C00AFBA1A /* Build configuration list for PBXNativeTarget "BoulderBikeRouter Watch App Watch App" */;
			buildPhases = (
				10DD833A2FD7BC6A00AFBA1A /* Sources */,
				10DD833B2FD7BC6A00AFBA1A /* Frameworks */,
				10DD833C2FD7BC6A00AFBA1A /* Resources */,
			);
			buildRules = (
			);
			dependencies = (
			);
			fileSystemSynchronizedGroups = (
				10DD833F2FD7BC6A00AFBA1A /* BoulderBikeRouter Watch App Watch App */,
			);
			name = "BoulderBikeRouter Watch App Watch App";
			packageProductDependencies = (
			);
			productName = "BoulderBikeRouter Watch App Watch App";
			productReference = 10DD833E2FD7BC6A00AFBA1A /* BoulderBikeRouter Watch App Watch App.app */;
			productType = "com.apple.product-type.application";
		};
		10DD83492FD7BC6C00AFBA1A /* BoulderBikeRouter Watch App Watch AppTests */ = {
			isa = PBXNativeTarget;
			buildConfigurationList = 10DD83632FD7BC6C00AFBA1A /* Build configuration list for PBXNativeTarget "BoulderBikeRouter Watch App Watch AppTests" */;
			buildPhases = (
				10DD83462FD7BC6C00AFBA1A /* Sources */,
				10DD83472FD7BC6C00AFBA1A /* Frameworks */,
				10DD83482FD7BC6C00AFBA1A /* Resources */,
			);
			buildRules = (
			);
			dependencies = (
				10DD834C2FD7BC6C00AFBA1A /* PBXTargetDependency */,
			);
			fileSystemSynchronizedGroups = (
				10DD834D2FD7BC6C00AFBA1A /* BoulderBikeRouter Watch App Watch AppTests */,
			);
			name = "BoulderBikeRouter Watch App Watch AppTests";
			packageProductDependencies = (
			);
			productName = "BoulderBikeRouter Watch App Watch AppTests";
			productReference = 10DD834A2FD7BC6C00AFBA1A /* BoulderBikeRouter Watch App Watch AppTests.xctest */;
			productType = "com.apple.product-type.bundle.unit-test";
		};
		10DD83532FD7BC6C00AFBA1A /* BoulderBikeRouter Watch App Watch AppUITests */ = {
			isa = PBXNativeTarget;
			buildConfigurationList = 10DD83662FD7BC6C00AFBA1A /* Build configuration list for PBXNativeTarget "BoulderBikeRouter Watch App Watch AppUITests" */;
			buildPhases = (
				10DD83502FD7BC6C00AFBA1A /* Sources */,
				10DD83512FD7BC6C00AFBA1A /* Frameworks */,
				10DD83522FD7BC6C00AFBA1A /* Resources */,
			);
			buildRules = (
			);
			dependencies = (
				10DD83562FD7BC6C00AFBA1A /* PBXTargetDependency */,
			);
			fileSystemSynchronizedGroups = (
				10DD83572FD7BC6C00AFBA1A /* BoulderBikeRouter Watch App Watch AppUITests */,
			);
			name = "BoulderBikeRouter Watch App Watch AppUITests";
			packageProductDependencies = (
			);
			productName = "BoulderBikeRouter Watch App Watch AppUITests";
			productReference = 10DD83542FD7BC6C00AFBA1A /* BoulderBikeRouter Watch App Watch AppUITests.xctest */;
			productType = "com.apple.product-type.bundle.ui-testing";
		};
/* End PBXNativeTarget section */

/* Begin PBXProject section */
		107CE8682FD3372C004D1566 /* Project object */ = {
			isa = PBXProject;
			attributes = {
				BuildIndependentTargetsInParallel = 1;
				LastSwiftUpdateCheck = 2650;
				LastUpgradeCheck = 2650;
				TargetAttributes = {
					107CE86F2FD3372C004D1566 = {
						CreatedOnToolsVersion = 26.5;
					};
					107CE87C2FD3372D004D1566 = {
						CreatedOnToolsVersion = 26.5;
						TestTargetID = 107CE86F2FD3372C004D1566;
					};
					107CE8862FD3372D004D1566 = {
						CreatedOnToolsVersion = 26.5;
						TestTargetID = 107CE86F2FD3372C004D1566;
					};
					10DD833D2FD7BC6A00AFBA1A = {
						CreatedOnToolsVersion = 26.5;
					};
					10DD83492FD7BC6C00AFBA1A = {
						CreatedOnToolsVersion = 26.5;
						TestTargetID = 10DD833D2FD7BC6A00AFBA1A;
					};
					10DD83532FD7BC6C00AFBA1A = {
						CreatedOnToolsVersion = 26.5;
						TestTargetID = 10DD833D2FD7BC6A00AFBA1A;
					};
				};
			};
			buildConfigurationList = 107CE86B2FD3372C004D1566 /* Build configuration list for PBXProject "BoulderBikeRouter" */;
			developmentRegion = en;
			hasScannedForEncodings = 0;
			knownRegions = (
				en,
				Base,
			);
			mainGroup = 107CE8672FD3372C004D1566;
			minimizedProjectReferenceProxies = 1;
			preferredProjectObjectVersion = 77;
			productRefGroup = 107CE8712FD3372C004D1566 /* Products */;
			projectDirPath = "";
			projectRoot = "";
			targets = (
				107CE86F2FD3372C004D1566 /* BoulderBikeRouter */,
				107CE87C2FD3372D004D1566 /* BoulderBikeRouterTests */,
				107CE8862FD3372D004D1566 /* BoulderBikeRouterUITests */,
				10DD833D2FD7BC6A00AFBA1A /* BoulderBikeRouter Watch App Watch App */,
				10DD83492FD7BC6C00AFBA1A /* BoulderBikeRouter Watch App Watch AppTests */,
				10DD83532FD7BC6C00AFBA1A /* BoulderBikeRouter Watch App Watch AppUITests */,
			);
		};
/* End PBXProject section */

/* Begin PBXResourcesBuildPhase section */
		107CE86E2FD3372C004D1566 /* Resources */ = {
			isa = PBXResourcesBuildPhase;
			buildActionMask = 2147483647;
			files = (
			);
			runOnlyForDeploymentPostprocessing = 0;
		};
		107CE87B2FD3372D004D1566 /* Resources */ = {
			isa = PBXResourcesBuildPhase;
			buildActionMask = 2147483647;
			files = (
			);
			runOnlyForDeploymentPostprocessing = 0;
		};
		107CE8852FD3372D004D1566 /* Resources */ = {
			isa = PBXResourcesBuildPhase;
			buildActionMask = 2147483647;
			files = (
			);
			runOnlyForDeploymentPostprocessing = 0;
		};
		10DD833C2FD7BC6A00AFBA1A /* Resources */ = {
			isa = PBXResourcesBuildPhase;
			buildActionMask = 2147483647;
			files = (
			);
			runOnlyForDeploymentPostprocessing = 0;
		};
		10DD83482FD7BC6C00AFBA1A /* Resources */ = {
			isa = PBXResourcesBuildPhase;
			buildActionMask = 2147483647;
			files = (
			);
			runOnlyForDeploymentPostprocessing = 0;
		};
		10DD83522FD7BC6C00AFBA1A /* Resources */ = {
			isa = PBXResourcesBuildPhase;
			buildActionMask = 2147483647;
			files = (
			);
			runOnlyForDeploymentPostprocessing = 0;
		};
/* End PBXResourcesBuildPhase section */

/* Begin PBXSourcesBuildPhase section */
		107CE86C2FD3372C004D1566 /* Sources */ = {
			isa = PBXSourcesBuildPhase;
			buildActionMask = 2147483647;
			files = (
			);
			runOnlyForDeploymentPostprocessing = 0;
		};
		107CE8792FD3372D004D1566 /* Sources */ = {
			isa = PBXSourcesBuildPhase;
			buildActionMask = 2147483647;
			files = (
			);
			runOnlyForDeploymentPostprocessing = 0;
		};
		107CE8832FD3372D004D1566 /* Sources */ = {
			isa = PBXSourcesBuildPhase;
			buildActionMask = 2147483647;
			files = (
			);
			runOnlyForDeploymentPostprocessing = 0;
		};
		10DD833A2FD7BC6A00AFBA1A /* Sources */ = {
			isa = PBXSourcesBuildPhase;
			buildActionMask = 2147483647;
			files = (
			);
			runOnlyForDeploymentPostprocessing = 0;
		};
		10DD83462FD7BC6C00AFBA1A /* Sources */ = {
			isa = PBXSourcesBuildPhase;
			buildActionMask = 2147483647;
			files = (
			);
			runOnlyForDeploymentPostprocessing = 0;
		};
		10DD83502FD7BC6C00AFBA1A /* Sources */ = {
			isa = PBXSourcesBuildPhase;
			buildActionMask = 2147483647;
			files = (
			);
			runOnlyForDeploymentPostprocessing = 0;
		};
/* End PBXSourcesBuildPhase section */

/* Begin PBXTargetDependency section */
		107CE87F2FD3372D004D1566 /* PBXTargetDependency */ = {
			isa = PBXTargetDependency;
			target = 107CE86F2FD3372C004D1566 /* BoulderBikeRouter */;
			targetProxy = 107CE87E2FD3372D004D1566 /* PBXContainerItemProxy */;
		};
		107CE8892FD3372D004D1566 /* PBXTargetDependency */ = {
			isa = PBXTargetDependency;
			target = 107CE86F2FD3372C004D1566 /* BoulderBikeRouter */;
			targetProxy = 107CE8882FD3372D004D1566 /* PBXContainerItemProxy */;
		};
		10DD834C2FD7BC6C00AFBA1A /* PBXTargetDependency */ = {
			isa = PBXTargetDependency;
			target = 10DD833D2FD7BC6A00AFBA1A /* BoulderBikeRouter Watch App Watch App */;
			targetProxy = 10DD834B2FD7BC6C00AFBA1A /* PBXContainerItemProxy */;
		};
		10DD83562FD7BC6C00AFBA1A /* PBXTargetDependency */ = {
			isa = PBXTargetDependency;
			target = 10DD833D2FD7BC6A00AFBA1A /* BoulderBikeRouter Watch App Watch App */;
			targetProxy = 10DD83552FD7BC6C00AFBA1A /* PBXContainerItemProxy */;
		};
		10DD835D2FD7BC6C00AFBA1A /* PBXTargetDependency */ = {
			isa = PBXTargetDependency;
			target = 10DD833D2FD7BC6A00AFBA1A /* BoulderBikeRouter Watch App Watch App */;
			targetProxy = 10DD835C2FD7BC6C00AFBA1A /* PBXContainerItemProxy */;
		};
/* End PBXTargetDependency section */

/* Begin XCBuildConfiguration section */
		107CE88F2FD3372D004D1566 /* Debug */ = {
			isa = XCBuildConfiguration;
			buildSettings = {
				ALWAYS_SEARCH_USER_PATHS = NO;
				ASSETCATALOG_COMPILER_GENERATE_SWIFT_ASSET_SYMBOL_EXTENSIONS = YES;
				CLANG_ANALYZER_NONNULL = YES;
				CLANG_ANALYZER_NUMBER_OBJECT_CONVERSION = YES_AGGRESSIVE;
				CLANG_CXX_LANGUAGE_STANDARD = "gnu++20";
				CLANG_ENABLE_MODULES = YES;
				CLANG_ENABLE_OBJC_ARC = YES;
				CLANG_ENABLE_OBJC_WEAK = YES;
				CLANG_WARN_BLOCK_CAPTURE_AUTORELEASING = YES;
				CLANG_WARN_BOOL_CONVERSION = YES;
				CLANG_WARN_COMMA = YES;
				CLANG_WARN_CONSTANT_CONVERSION = YES;
				CLANG_WARN_DEPRECATED_OBJC_IMPLEMENTATIONS = YES;
				CLANG_WARN_DIRECT_OBJC_ISA_USAGE = YES_ERROR;
				CLANG_WARN_DOCUMENTATION_COMMENTS = YES;
				CLANG_WARN_EMPTY_BODY = YES;
				CLANG_WARN_ENUM_CONVERSION = YES;
				CLANG_WARN_INFINITE_RECURSION = YES;
				CLANG_WARN_INT_CONVERSION = YES;
				CLANG_WARN_NON_LITERAL_NULL_CONVERSION = YES;
				CLANG_WARN_OBJC_IMPLICIT_RETAIN_SELF = YES;
				CLANG_WARN_OBJC_LITERAL_CONVERSION = YES;
				CLANG_WARN_OBJC_ROOT_CLASS = YES_ERROR;
				CLANG_WARN_QUOTED_INCLUDE_IN_FRAMEWORK_HEADER = YES;
				CLANG_WARN_RANGE_LOOP_ANALYSIS = YES;
				CLANG_WARN_STRICT_PROTOTYPES = YES;
				CLANG_WARN_SUSPICIOUS_MOVE = YES;
				CLANG_WARN_UNGUARDED_AVAILABILITY = YES_AGGRESSIVE;
				CLANG_WARN_UNREACHABLE_CODE = YES;
				CLANG_WARN__DUPLICATE_METHOD_MATCH = YES;
				COPY_PHASE_STRIP = NO;
				DEBUG_INFORMATION_FORMAT = dwarf;
				ENABLE_STRICT_OBJC_MSGSEND = YES;
				ENABLE_TESTABILITY = YES;
				ENABLE_USER_SCRIPT_SANDBOXING = YES;
				GCC_C_LANGUAGE_STANDARD = gnu17;
				GCC_DYNAMIC_NO_PIC = NO;
				GCC_NO_COMMON_BLOCKS = YES;
				GCC_OPTIMIZATION_LEVEL = 0;
				GCC_PREPROCESSOR_DEFINITIONS = (
					"DEBUG=1",
					"$(inherited)",
				);
				GCC_WARN_64_TO_32_BIT_CONVERSION = YES;
				GCC_WARN_ABOUT_RETURN_TYPE = YES_ERROR;
				GCC_WARN_UNDECLARED_SELECTOR = YES;
				GCC_WARN_UNINITIALIZED_AUTOS = YES_AGGRESSIVE;
				GCC_WARN_UNUSED_FUNCTION = YES;
				GCC_WARN_UNUSED_VARIABLE = YES;
				IPHONEOS_DEPLOYMENT_TARGET = 26.5;
				LOCALIZATION_PREFERS_STRING_CATALOGS = YES;
				MTL_ENABLE_DEBUG_INFO = INCLUDE_SOURCE;
				MTL_FAST_MATH = YES;
				ONLY_ACTIVE_ARCH = YES;
				SDKROOT = iphoneos;
				SWIFT_ACTIVE_COMPILATION_CONDITIONS = "DEBUG $(inherited)";
				SWIFT_OPTIMIZATION_LEVEL = "-Onone";
			};
			name = Debug;
		};
		107CE8902FD3372D004D1566 /* Release */ = {
			isa = XCBuildConfiguration;
			buildSettings = {
				ALWAYS_SEARCH_USER_PATHS = NO;
				ASSETCATALOG_COMPILER_GENERATE_SWIFT_ASSET_SYMBOL_EXTENSIONS = YES;
				CLANG_ANALYZER_NONNULL = YES;
				CLANG_ANALYZER_NUMBER_OBJECT_CONVERSION = YES_AGGRESSIVE;
				CLANG_CXX_LANGUAGE_STANDARD = "gnu++20";
				CLANG_ENABLE_MODULES = YES;
				CLANG_ENABLE_OBJC_ARC = YES;
				CLANG_ENABLE_OBJC_WEAK = YES;
				CLANG_WARN_BLOCK_CAPTURE_AUTORELEASING = YES;
				CLANG_WARN_BOOL_CONVERSION = YES;
				CLANG_WARN_COMMA = YES;
				CLANG_WARN_CONSTANT_CONVERSION = YES;
				CLANG_WARN_DEPRECATED_OBJC_IMPLEMENTATIONS = YES;
				CLANG_WARN_DIRECT_OBJC_ISA_USAGE = YES_ERROR;
				CLANG_WARN_DOCUMENTATION_COMMENTS = YES;
				CLANG_WARN_EMPTY_BODY = YES;
				CLANG_WARN_ENUM_CONVERSION = YES;
				CLANG_WARN_INFINITE_RECURSION = YES;
				CLANG_WARN_INT_CONVERSION = YES;
				CLANG_WARN_NON_LITERAL_NULL_CONVERSION = YES;
				CLANG_WARN_OBJC_IMPLICIT_RETAIN_SELF = YES;
				CLANG_WARN_OBJC_LITERAL_CONVERSION = YES;
				CLANG_WARN_OBJC_ROOT_CLASS = YES_ERROR;
				CLANG_WARN_QUOTED_INCLUDE_IN_FRAMEWORK_HEADER = YES;
				CLANG_WARN_RANGE_LOOP_ANALYSIS = YES;
				CLANG_WARN_STRICT_PROTOTYPES = YES;
				CLANG_WARN_SUSPICIOUS_MOVE = YES;
				CLANG_WARN_UNGUARDED_AVAILABILITY = YES_AGGRESSIVE;
				CLANG_WARN_UNREACHABLE_CODE = YES;
				CLANG_WARN__DUPLICATE_METHOD_MATCH = YES;
				COPY_PHASE_STRIP = NO;
				DEBUG_INFORMATION_FORMAT = "dwarf-with-dsym";
				ENABLE_NS_ASSERTIONS = NO;
				ENABLE_STRICT_OBJC_MSGSEND = YES;
				ENABLE_USER_SCRIPT_SANDBOXING = YES;
				GCC_C_LANGUAGE_STANDARD = gnu17;
				GCC_NO_COMMON_BLOCKS = YES;
				GCC_WARN_64_TO_32_BIT_CONVERSION = YES;
				GCC_WARN_ABOUT_RETURN_TYPE = YES_ERROR;
				GCC_WARN_UNDECLARED_SELECTOR = YES;
				GCC_WARN_UNINITIALIZED_AUTOS = YES_AGGRESSIVE;
				GCC_WARN_UNUSED_FUNCTION = YES;
				GCC_WARN_UNUSED_VARIABLE = YES;
				IPHONEOS_DEPLOYMENT_TARGET = 26.5;
				LOCALIZATION_PREFERS_STRING_CATALOGS = YES;
				MTL_ENABLE_DEBUG_INFO = NO;
				MTL_FAST_MATH = YES;
				SDKROOT = iphoneos;
				SWIFT_COMPILATION_MODE = wholemodule;
				VALIDATE_PRODUCT = YES;
			};
			name = Release;
		};
		107CE8922FD3372D004D1566 /* Debug */ = {
			isa = XCBuildConfiguration;
			buildSettings = {
				ASSETCATALOG_COMPILER_APPICON_NAME = AppIcon;
				ASSETCATALOG_COMPILER_GLOBAL_ACCENT_COLOR_NAME = AccentColor;
				CODE_SIGN_STYLE = Automatic;
				CURRENT_PROJECT_VERSION = 1;
				DEVELOPMENT_TEAM = MEXSN8LTHY;
				ENABLE_PREVIEWS = YES;
				GENERATE_INFOPLIST_FILE = YES;
				INFOPLIST_KEY_NSLocationWhenInUseUsageDescription = "Biking Boulder requires location access to find your position, plan safe routes, and navigate.";
				INFOPLIST_KEY_UIApplicationSceneManifest_Generation = YES;
				INFOPLIST_KEY_UIApplicationSupportsIndirectInputEvents = YES;
				INFOPLIST_KEY_UIBackgroundModes = location;
				INFOPLIST_KEY_UILaunchScreen_Generation = YES;
				INFOPLIST_KEY_UISupportedInterfaceOrientations_iPad = "UIInterfaceOrientationPortrait UIInterfaceOrientationPortraitUpsideDown UIInterfaceOrientationLandscapeLeft UIInterfaceOrientationLandscapeRight";
				INFOPLIST_KEY_UISupportedInterfaceOrientations_iPhone = "UIInterfaceOrientationPortrait UIInterfaceOrientationLandscapeLeft UIInterfaceOrientationLandscapeRight";
				LD_RUNPATH_SEARCH_PATHS = (
					"$(inherited)",
					"@executable_path/Frameworks",
				);
				MARKETING_VERSION = 1.0;
				PRODUCT_BUNDLE_IDENTIFIER = com.bikingboulder.BoulderBikeRouter;
				PRODUCT_NAME = "$(TARGET_NAME)";
				STRING_CATALOG_GENERATE_SYMBOLS = YES;
				SWIFT_APPROACHABLE_CONCURRENCY = YES;
				SWIFT_DEFAULT_ACTOR_ISOLATION = MainActor;
				SWIFT_EMIT_LOC_STRINGS = YES;
				SWIFT_UPCOMING_FEATURE_MEMBER_IMPORT_VISIBILITY = YES;
				SWIFT_VERSION = 5.0;
				TARGETED_DEVICE_FAMILY = "1,2";
			};
			name = Debug;
		};
		107CE8932FD3372D004D1566 /* Release */ = {
			isa = XCBuildConfiguration;
			buildSettings = {
				ASSETCATALOG_COMPILER_APPICON_NAME = AppIcon;
				ASSETCATALOG_COMPILER_GLOBAL_ACCENT_COLOR_NAME = AccentColor;
				CODE_SIGN_STYLE = Automatic;
				CURRENT_PROJECT_VERSION = 1;
				DEVELOPMENT_TEAM = MEXSN8LTHY;
				ENABLE_PREVIEWS = YES;
				GENERATE_INFOPLIST_FILE = YES;
				INFOPLIST_KEY_NSLocationWhenInUseUsageDescription = "Biking Boulder requires location access to find your position, plan safe routes, and navigate.";
				INFOPLIST_KEY_UIApplicationSceneManifest_Generation = YES;
				INFOPLIST_KEY_UIApplicationSupportsIndirectInputEvents = YES;
				INFOPLIST_KEY_UIBackgroundModes = location;
				INFOPLIST_KEY_UILaunchScreen_Generation = YES;
				INFOPLIST_KEY_UISupportedInterfaceOrientations_iPad = "UIInterfaceOrientationPortrait UIInterfaceOrientationPortraitUpsideDown UIInterfaceOrientationLandscapeLeft UIInterfaceOrientationLandscapeRight";
				INFOPLIST_KEY_UISupportedInterfaceOrientations_iPhone = "UIInterfaceOrientationPortrait UIInterfaceOrientationLandscapeLeft UIInterfaceOrientationLandscapeRight";
				LD_RUNPATH_SEARCH_PATHS = (
					"$(inherited)",
					"@executable_path/Frameworks",
				);
				MARKETING_VERSION = 1.0;
				PRODUCT_BUNDLE_IDENTIFIER = com.bikingboulder.BoulderBikeRouter;
				PRODUCT_NAME = "$(TARGET_NAME)";
				STRING_CATALOG_GENERATE_SYMBOLS = YES;
				SWIFT_APPROACHABLE_CONCURRENCY = YES;
				SWIFT_DEFAULT_ACTOR_ISOLATION = MainActor;
				SWIFT_EMIT_LOC_STRINGS = YES;
				SWIFT_UPCOMING_FEATURE_MEMBER_IMPORT_VISIBILITY = YES;
				SWIFT_VERSION = 5.0;
				TARGETED_DEVICE_FAMILY = "1,2";
			};
			name = Release;
		};
		107CE8952FD3372D004D1566 /* Debug */ = {
			isa = XCBuildConfiguration;
			buildSettings = {
				BUNDLE_LOADER = "$(TEST_HOST)";
				CODE_SIGN_STYLE = Automatic;
				CURRENT_PROJECT_VERSION = 1;
				GENERATE_INFOPLIST_FILE = YES;
				IPHONEOS_DEPLOYMENT_TARGET = 26.5;
				MARKETING_VERSION = 1.0;
				PRODUCT_BUNDLE_IDENTIFIER = com.bikingboulder.BoulderBikeRouterTests;
				PRODUCT_NAME = "$(TARGET_NAME)";
				STRING_CATALOG_GENERATE_SYMBOLS = NO;
				SWIFT_APPROACHABLE_CONCURRENCY = YES;
				SWIFT_EMIT_LOC_STRINGS = NO;
				SWIFT_UPCOMING_FEATURE_MEMBER_IMPORT_VISIBILITY = YES;
				SWIFT_VERSION = 5.0;
				TARGETED_DEVICE_FAMILY = "1,2";
				TEST_HOST = "$(BUILT_PRODUCTS_DIR)/BoulderBikeRouter.app/$(BUNDLE_EXECUTABLE_FOLDER_PATH)/BoulderBikeRouter";
			};
			name = Debug;
		};
		107CE8962FD3372D004D1566 /* Release */ = {
			isa = XCBuildConfiguration;
			buildSettings = {
				BUNDLE_LOADER = "$(TEST_HOST)";
				CODE_SIGN_STYLE = Automatic;
				CURRENT_PROJECT_VERSION = 1;
				GENERATE_INFOPLIST_FILE = YES;
				IPHONEOS_DEPLOYMENT_TARGET = 26.5;
				MARKETING_VERSION = 1.0;
				PRODUCT_BUNDLE_IDENTIFIER = com.bikingboulder.BoulderBikeRouterTests;
				PRODUCT_NAME = "$(TARGET_NAME)";
				STRING_CATALOG_GENERATE_SYMBOLS = NO;
				SWIFT_APPROACHABLE_CONCURRENCY = YES;
				SWIFT_EMIT_LOC_STRINGS = NO;
				SWIFT_UPCOMING_FEATURE_MEMBER_IMPORT_VISIBILITY = YES;
				SWIFT_VERSION = 5.0;
				TARGETED_DEVICE_FAMILY = "1,2";
				TEST_HOST = "$(BUILT_PRODUCTS_DIR)/BoulderBikeRouter.app/$(BUNDLE_EXECUTABLE_FOLDER_PATH)/BoulderBikeRouter";
			};
			name = Release;
		};
		107CE8982FD3372D004D1566 /* Debug */ = {
			isa = XCBuildConfiguration;
			buildSettings = {
				CODE_SIGN_STYLE = Automatic;
				CURRENT_PROJECT_VERSION = 1;
				GENERATE_INFOPLIST_FILE = YES;
				MARKETING_VERSION = 1.0;
				PRODUCT_BUNDLE_IDENTIFIER = com.bikingboulder.BoulderBikeRouterUITests;
				PRODUCT_NAME = "$(TARGET_NAME)";
				STRING_CATALOG_GENERATE_SYMBOLS = NO;
				SWIFT_APPROACHABLE_CONCURRENCY = YES;
				SWIFT_EMIT_LOC_STRINGS = NO;
				SWIFT_UPCOMING_FEATURE_MEMBER_IMPORT_VISIBILITY = YES;
				SWIFT_VERSION = 5.0;
				TARGETED_DEVICE_FAMILY = "1,2";
				TEST_TARGET_NAME = BoulderBikeRouter;
			};
			name = Debug;
		};
		107CE8992FD3372D004D1566 /* Release */ = {
			isa = XCBuildConfiguration;
			buildSettings = {
				CODE_SIGN_STYLE = Automatic;
				CURRENT_PROJECT_VERSION = 1;
				GENERATE_INFOPLIST_FILE = YES;
				MARKETING_VERSION = 1.0;
				PRODUCT_BUNDLE_IDENTIFIER = com.bikingboulder.BoulderBikeRouterUITests;
				PRODUCT_NAME = "$(TARGET_NAME)";
				STRING_CATALOG_GENERATE_SYMBOLS = NO;
				SWIFT_APPROACHABLE_CONCURRENCY = YES;
				SWIFT_EMIT_LOC_STRINGS = NO;
				SWIFT_UPCOMING_FEATURE_MEMBER_IMPORT_VISIBILITY = YES;
				SWIFT_VERSION = 5.0;
				TARGETED_DEVICE_FAMILY = "1,2";
				TEST_TARGET_NAME = BoulderBikeRouter;
			};
			name = Release;
		};
		10DD83602FD7BC6C00AFBA1A /* Debug */ = {
			isa = XCBuildConfiguration;
			buildSettings = {
				ASSETCATALOG_COMPILER_APPICON_NAME = AppIcon;
				ASSETCATALOG_COMPILER_GLOBAL_ACCENT_COLOR_NAME = AccentColor;
				CODE_SIGN_STYLE = Automatic;
				CURRENT_PROJECT_VERSION = 1;
				DEVELOPMENT_TEAM = MEXSN8LTHY;
				ENABLE_PREVIEWS = YES;
				GENERATE_INFOPLIST_FILE = YES;
				INFOPLIST_KEY_CFBundleDisplayName = "BoulderBikeRouter Watch App";
				INFOPLIST_KEY_UISupportedInterfaceOrientations = "UIInterfaceOrientationPortrait UIInterfaceOrientationPortraitUpsideDown";
				INFOPLIST_KEY_WKCompanionAppBundleIdentifier = com.bikingboulder.BoulderBikeRouter;
				INFOPLIST_KEY_WKRunsIndependentlyOfCompanionApp = YES;
				LD_RUNPATH_SEARCH_PATHS = (
					"$(inherited)",
					"@executable_path/Frameworks",
				);
				MARKETING_VERSION = 1.0;
				PRODUCT_BUNDLE_IDENTIFIER = com.bikingboulder.BoulderBikeRouter.watchkitapp;
				PRODUCT_NAME = "$(TARGET_NAME)";
				SDKROOT = watchos;
				SKIP_INSTALL = YES;
				STRING_CATALOG_GENERATE_SYMBOLS = YES;
				SWIFT_APPROACHABLE_CONCURRENCY = YES;
				SWIFT_DEFAULT_ACTOR_ISOLATION = MainActor;
				SWIFT_EMIT_LOC_STRINGS = YES;
				SWIFT_UPCOMING_FEATURE_MEMBER_IMPORT_VISIBILITY = YES;
				SWIFT_VERSION = 5.0;
				TARGETED_DEVICE_FAMILY = 4;
				WATCHOS_DEPLOYMENT_TARGET = 26.5;
			};
			name = Debug;
		};
		10DD83612FD7BC6C00AFBA1A /* Release */ = {
			isa = XCBuildConfiguration;
			buildSettings = {
				ASSETCATALOG_COMPILER_APPICON_NAME = AppIcon;
				ASSETCATALOG_COMPILER_GLOBAL_ACCENT_COLOR_NAME = AccentColor;
				CODE_SIGN_STYLE = Automatic;
				CURRENT_PROJECT_VERSION = 1;
				DEVELOPMENT_TEAM = MEXSN8LTHY;
				ENABLE_PREVIEWS = YES;
				GENERATE_INFOPLIST_FILE = YES;
				INFOPLIST_KEY_CFBundleDisplayName = "BoulderBikeRouter Watch App";
				INFOPLIST_KEY_UISupportedInterfaceOrientations = "UIInterfaceOrientationPortrait UIInterfaceOrientationPortraitUpsideDown";
				INFOPLIST_KEY_WKCompanionAppBundleIdentifier = com.bikingboulder.BoulderBikeRouter;
				INFOPLIST_KEY_WKRunsIndependentlyOfCompanionApp = YES;
				LD_RUNPATH_SEARCH_PATHS = (
					"$(inherited)",
					"@executable_path/Frameworks",
				);
				MARKETING_VERSION = 1.0;
				PRODUCT_BUNDLE_IDENTIFIER = com.bikingboulder.BoulderBikeRouter.watchkitapp;
				PRODUCT_NAME = "$(TARGET_NAME)";
				SDKROOT = watchos;
				SKIP_INSTALL = YES;
				STRING_CATALOG_GENERATE_SYMBOLS = YES;
				SWIFT_APPROACHABLE_CONCURRENCY = YES;
				SWIFT_DEFAULT_ACTOR_ISOLATION = MainActor;
				SWIFT_EMIT_LOC_STRINGS = YES;
				SWIFT_UPCOMING_FEATURE_MEMBER_IMPORT_VISIBILITY = YES;
				SWIFT_VERSION = 5.0;
				TARGETED_DEVICE_FAMILY = 4;
				WATCHOS_DEPLOYMENT_TARGET = 26.5;
			};
			name = Release;
		};
		10DD83642FD7BC6C00AFBA1A /* Debug */ = {
			isa = XCBuildConfiguration;
			buildSettings = {
				BUNDLE_LOADER = "$(TEST_HOST)";
				CODE_SIGN_STYLE = Automatic;
				CURRENT_PROJECT_VERSION = 1;
				GENERATE_INFOPLIST_FILE = YES;
				MARKETING_VERSION = 1.0;
				PRODUCT_BUNDLE_IDENTIFIER = "com.bikingboulder.BoulderBikeRouter-Watch-App-Watch-AppTests";
				PRODUCT_NAME = "$(TARGET_NAME)";
				SDKROOT = watchos;
				STRING_CATALOG_GENERATE_SYMBOLS = NO;
				SWIFT_APPROACHABLE_CONCURRENCY = YES;
				SWIFT_EMIT_LOC_STRINGS = NO;
				SWIFT_UPCOMING_FEATURE_MEMBER_IMPORT_VISIBILITY = YES;
				SWIFT_VERSION = 5.0;
				TARGETED_DEVICE_FAMILY = 4;
				TEST_HOST = "$(BUILT_PRODUCTS_DIR)/BoulderBikeRouter Watch App Watch App.app/$(BUNDLE_EXECUTABLE_FOLDER_PATH)/BoulderBikeRouter Watch App Watch App";
				WATCHOS_DEPLOYMENT_TARGET = 26.5;
			};
			name = Debug;
		};
		10DD83652FD7BC6C00AFBA1A /* Release */ = {
			isa = XCBuildConfiguration;
			buildSettings = {
				BUNDLE_LOADER = "$(TEST_HOST)";
				CODE_SIGN_STYLE = Automatic;
				CURRENT_PROJECT_VERSION = 1;
				GENERATE_INFOPLIST_FILE = YES;
				MARKETING_VERSION = 1.0;
				PRODUCT_BUNDLE_IDENTIFIER = "com.bikingboulder.BoulderBikeRouter-Watch-App-Watch-AppTests";
				PRODUCT_NAME = "$(TARGET_NAME)";
				SDKROOT = watchos;
				STRING_CATALOG_GENERATE_SYMBOLS = NO;
				SWIFT_APPROACHABLE_CONCURRENCY = YES;
				SWIFT_EMIT_LOC_STRINGS = NO;
				SWIFT_UPCOMING_FEATURE_MEMBER_IMPORT_VISIBILITY = YES;
				SWIFT_VERSION = 5.0;
				TARGETED_DEVICE_FAMILY = 4;
				TEST_HOST = "$(BUILT_PRODUCTS_DIR)/BoulderBikeRouter Watch App Watch App.app/$(BUNDLE_EXECUTABLE_FOLDER_PATH)/BoulderBikeRouter Watch App Watch App";
				WATCHOS_DEPLOYMENT_TARGET = 26.5;
			};
			name = Release;
		};
		10DD83672FD7BC6C00AFBA1A /* Debug */ = {
			isa = XCBuildConfiguration;
			buildSettings = {
				CODE_SIGN_STYLE = Automatic;
				CURRENT_PROJECT_VERSION = 1;
				GENERATE_INFOPLIST_FILE = YES;
				MARKETING_VERSION = 1.0;
				PRODUCT_BUNDLE_IDENTIFIER = "com.bikingboulder.BoulderBikeRouter-Watch-App-Watch-AppUITests";
				PRODUCT_NAME = "$(TARGET_NAME)";
				SDKROOT = watchos;
				STRING_CATALOG_GENERATE_SYMBOLS = NO;
				SWIFT_APPROACHABLE_CONCURRENCY = YES;
				SWIFT_EMIT_LOC_STRINGS = NO;
				SWIFT_UPCOMING_FEATURE_MEMBER_IMPORT_VISIBILITY = YES;
				SWIFT_VERSION = 5.0;
				TARGETED_DEVICE_FAMILY = 4;
				TEST_TARGET_NAME = "BoulderBikeRouter Watch App Watch App";
				WATCHOS_DEPLOYMENT_TARGET = 26.5;
			};
			name = Debug;
		};
		10DD83682FD7BC6C00AFBA1A /* Release */ = {
			isa = XCBuildConfiguration;
			buildSettings = {
				CODE_SIGN_STYLE = Automatic;
				CURRENT_PROJECT_VERSION = 1;
				GENERATE_INFOPLIST_FILE = YES;
				MARKETING_VERSION = 1.0;
				PRODUCT_BUNDLE_IDENTIFIER = "com.bikingboulder.BoulderBikeRouter-Watch-App-Watch-AppUITests";
				PRODUCT_NAME = "$(TARGET_NAME)";
				SDKROOT = watchos;
				STRING_CATALOG_GENERATE_SYMBOLS = NO;
				SWIFT_APPROACHABLE_CONCURRENCY = YES;
				SWIFT_EMIT_LOC_STRINGS = NO;
				SWIFT_UPCOMING_FEATURE_MEMBER_IMPORT_VISIBILITY = YES;
				SWIFT_VERSION = 5.0;
				TARGETED_DEVICE_FAMILY = 4;
				TEST_TARGET_NAME = "BoulderBikeRouter Watch App Watch App";
				WATCHOS_DEPLOYMENT_TARGET = 26.5;
			};
			name = Release;
		};
/* End XCBuildConfiguration section */

/* Begin XCConfigurationList section */
		107CE86B2FD3372C004D1566 /* Build configuration list for PBXProject "BoulderBikeRouter" */ = {
			isa = XCConfigurationList;
			buildConfigurations = (
				107CE88F2FD3372D004D1566 /* Debug */,
				107CE8902FD3372D004D1566 /* Release */,
			);
			defaultConfigurationIsVisible = 0;
			defaultConfigurationName = Release;
		};
		107CE8912FD3372D004D1566 /* Build configuration list for PBXNativeTarget "BoulderBikeRouter" */ = {
			isa = XCConfigurationList;
			buildConfigurations = (
				107CE8922FD3372D004D1566 /* Debug */,
				107CE8932FD3372D004D1566 /* Release */,
			);
			defaultConfigurationIsVisible = 0;
			defaultConfigurationName = Release;
		};
		107CE8942FD3372D004D1566 /* Build configuration list for PBXNativeTarget "BoulderBikeRouterTests" */ = {
			isa = XCConfigurationList;
			buildConfigurations = (
				107CE8952FD3372D004D1566 /* Debug */,
				107CE8962FD3372D004D1566 /* Release */,
			);
			defaultConfigurationIsVisible = 0;
			defaultConfigurationName = Release;
		};
		107CE8972FD3372D004D1566 /* Build configuration list for PBXNativeTarget "BoulderBikeRouterUITests" */ = {
			isa = XCConfigurationList;
			buildConfigurations = (
				107CE8982FD3372D004D1566 /* Debug */,
				107CE8992FD3372D004D1566 /* Release */,
			);
			defaultConfigurationIsVisible = 0;
			defaultConfigurationName = Release;
		};
		10DD835F2FD7BC6C00AFBA1A /* Build configuration list for PBXNativeTarget "BoulderBikeRouter Watch App Watch App" */ = {
			isa = XCConfigurationList;
			buildConfigurations = (
				10DD83602FD7BC6C00AFBA1A /* Debug */,
				10DD83612FD7BC6C00AFBA1A /* Release */,
			);
			defaultConfigurationIsVisible = 0;
			defaultConfigurationName = Release;
		};
		10DD83632FD7BC6C00AFBA1A /* Build configuration list for PBXNativeTarget "BoulderBikeRouter Watch App Watch AppTests" */ = {
			isa = XCConfigurationList;
			buildConfigurations = (
				10DD83642FD7BC6C00AFBA1A /* Debug */,
				10DD83652FD7BC6C00AFBA1A /* Release */,
			);
			defaultConfigurationIsVisible = 0;
			defaultConfigurationName = Release;
		};
		10DD83662FD7BC6C00AFBA1A /* Build configuration list for PBXNativeTarget "BoulderBikeRouter Watch App Watch AppUITests" */ = {
			isa = XCConfigurationList;
			buildConfigurations = (
				10DD83672FD7BC6C00AFBA1A /* Debug */,
				10DD83682FD7BC6C00AFBA1A /* Release */,
			);
			defaultConfigurationIsVisible = 0;
			defaultConfigurationName = Release;
		};
/* End XCConfigurationList section */
	};
	rootObject = 107CE8682FD3372C004D1566 /* Project object */;
}
